
Microsoft Visual Studio Solution File, Format Version 12.00
# Visual Studio Version 17
VisualStudioVersion = 17.7.34018.315
MinimumVisualStudioVersion = 10.0.40219.1
Project("{9A19103F-16F7-4668-BE54-9A1E7A4F7556}") = "PRG2_AbstractClassesInterface", "PRG2_AbstractClassesInterface\PRG2_AbstractClassesInterface.csproj", "{8926EC2E-1C6F-4256-8485-F08012B75B55}"
EndProject
Global
	GlobalSection(SolutionConfigurationPlatforms) = preSolution
		Debug|Any CPU = Debug|Any CPU
		Release|Any CPU = Release|Any CPU
	EndGlobalSection
	GlobalSection(ProjectConfigurationPlatforms) = postSolution
		{8926EC2E-1C6F-4256-8485-F08012B75B55}.Debug|Any CPU.ActiveCfg = Debug|Any CPU
		{8926EC2E-1C6F-4256-8485-F08012B75B55}.Debug|Any CPU.Build.0 = Debug|Any CPU
		{8926EC2E-1C6F-4256-8485-F08012B75B55}.Release|Any CPU.ActiveCfg = Release|Any CPU
		{8926EC2E-1C6F-4256-8485-F08012B75B55}.Release|Any CPU.Build.0 = Release|Any CPU
	EndGlobalSection
	GlobalSection(SolutionProperties) = preSolution
		HideSolutionNode = FALSE
	EndGlobalSection
	GlobalSection(ExtensibilityGlobals) = postSolution
		SolutionGuid = {E64E119D-232B-44EE-9781-F7A995037C07}
	EndGlobalSection
EndGlobal
